
Microsoft Visual Studio Solution File, Format Version 12.00
# Visual Studio 15
VisualStudioVersion = 15.0.28010.2003
MinimumVisualStudioVersion = 10.0.40219.1
Project("{FAE04EC0-301F-11D3-BF4B-00C04F79EFBC}") = "Slider", "Slider\Slider.csproj", "{454E5C84-1F3A-42A0-9D3A-815F5DB3A96B}"
EndProject
Project("{FAE04EC0-301F-11D3-BF4B-00C04F79EFBC}") = "ShowLoginButton", "ShowLoginButton\ShowLoginButton.csproj", "{556271F1-9410-4458-ADC8-1028CBEF9008}"
EndProject
Global
	GlobalSection(SolutionConfigurationPlatforms) = preSolution
		Debug|Any CPU = Debug|Any CPU
		Release|Any CPU = Release|Any CPU
	EndGlobalSection
	GlobalSection(ProjectConfigurationPlatforms) = postSolution
		{454E5C84-1F3A-42A0-9D3A-815F5DB3A96B}.Debug|Any CPU.ActiveCfg = Debug|Any CPU
		{454E5C84-1F3A-42A0-9D3A-815F5DB3A96B}.Debug|Any CPU.Build.0 = Debug|Any CPU
		{454E5C84-1F3A-42A0-9D3A-815F5DB3A96B}.Release|Any CPU.ActiveCfg = Release|Any CPU
		{454E5C84-1F3A-42A0-9D3A-815F5DB3A96B}.Release|Any CPU.Build.0 = Release|Any CPU
		{556271F1-9410-4458-ADC8-1028CBEF9008}.Debug|Any CPU.ActiveCfg = Debug|Any CPU
		{556271F1-9410-4458-ADC8-1028CBEF9008}.Debug|Any CPU.Build.0 = Debug|Any CPU
		{556271F1-9410-4458-ADC8-1028CBEF9008}.Release|Any CPU.ActiveCfg = Release|Any CPU
		{556271F1-9410-4458-ADC8-1028CBEF9008}.Release|Any CPU.Build.0 = Release|Any CPU
	EndGlobalSection
	GlobalSection(SolutionProperties) = preSolution
		HideSolutionNode = FALSE
	EndGlobalSection
	GlobalSection(ExtensibilityGlobals) = postSolution
		SolutionGuid = {6256B2E9-9220-4B65-AAAB-3755C86B15B5}
	EndGlobalSection
EndGlobal
